
Microsoft Visual Studio Solution File, Format Version 11.00
# Visual Studio 2010
Project("{FAE04EC0-301F-11D3-BF4B-00C04F79EFBC}") = "Secrets of Time", "Assembly-CSharp-firstpass.csproj", "{1425B416-15D9-0EE7-AB70-4C1440B04441}"
EndProject
Project("{FAE04EC0-301F-11D3-BF4B-00C04F79EFBC}") = "Secrets of Time", "Assembly-CSharp-Editor-firstpass.csproj", "{0BF9F5B3-E928-0583-5D7F-FB70749C9C8D}"
EndProject
Global
	GlobalSection(SolutionConfigurationPlatforms) = preSolution
		Debug|Any CPU = Debug|Any CPU
		Release|Any CPU = Release|Any CPU
	EndGlobalSection
	GlobalSection(ProjectConfigurationPlatforms) = postSolution
		{1425B416-15D9-0EE7-AB70-4C1440B04441}.Debug|Any CPU.ActiveCfg = Debug|Any CPU
		{1425B416-15D9-0EE7-AB70-4C1440B04441}.Debug|Any CPU.Build.0 = Debug|Any CPU
		{1425B416-15D9-0EE7-AB70-4C1440B04441}.Release|Any CPU.ActiveCfg = Release|Any CPU
		{1425B416-15D9-0EE7-AB70-4C1440B04441}.Release|Any CPU.Build.0 = Release|Any CPU
		{0BF9F5B3-E928-0583-5D7F-FB70749C9C8D}.Debug|Any CPU.ActiveCfg = Debug|Any CPU
		{0BF9F5B3-E928-0583-5D7F-FB70749C9C8D}.Debug|Any CPU.Build.0 = Debug|Any CPU
		{0BF9F5B3-E928-0583-5D7F-FB70749C9C8D}.Release|Any CPU.ActiveCfg = Release|Any CPU
		{0BF9F5B3-E928-0583-5D7F-FB70749C9C8D}.Release|Any CPU.Build.0 = Release|Any CPU
	EndGlobalSection
	GlobalSection(SolutionProperties) = preSolution
		HideSolutionNode = FALSE
	EndGlobalSection
	GlobalSection(MonoDevelopProperties) = preSolution
		StartupItem = Assembly-CSharp.csproj
	EndGlobalSection
EndGlobal
